
Microsoft Visual Studio Solution File, Format Version 12.00
# Visual Studio Version 17
VisualStudioVersion = 17.4.33122.133
MinimumVisualStudioVersion = 10.0.40219.1
Project("{FAE04EC0-301F-11D3-BF4B-00C04F79EFBC}") = "Calculator", "Calculator.csproj", "{F0449931-654A-4AE3-9F81-E3B62D29BDFC}"
EndProject
Global
	GlobalSection(SolutionConfigurationPlatforms) = preSolution
		Debug|Any CPU = Debug|Any CPU
		Release|Any CPU = Release|Any CPU
	EndGlobalSection
	GlobalSection(ProjectConfigurationPlatforms) = postSolution
		{F0449931-654A-4AE3-9F81-E3B62D29BDFC}.Debug|Any CPU.ActiveCfg = Debug|Any CPU
		{F0449931-654A-4AE3-9F81-E3B62D29BDFC}.Debug|Any CPU.Build.0 = Debug|Any CPU
		{F0449931-654A-4AE3-9F81-E3B62D29BDFC}.Release|Any CPU.ActiveCfg = Release|Any CPU
		{F0449931-654A-4AE3-9F81-E3B62D29BDFC}.Release|Any CPU.Build.0 = Release|Any CPU
	EndGlobalSection
	GlobalSection(SolutionProperties) = preSolution
		HideSolutionNode = FALSE
	EndGlobalSection
	GlobalSection(ExtensibilityGlobals) = postSolution
		SolutionGuid = {CCEB3EEC-D8E8-48A0-9E7B-16678008F364}
	EndGlobalSection
EndGlobal
